{
  "name": "ajs-homework-platforms-seventh-step-",
  "version": "1.0.0",
  "lockfileVersion": 2,
  "requires": true,
  "packages": {
    "": {
      "name": "ajs-homework-platforms-seventh-step-",
      "version": "1.0.0",
      "license": "ISC",
      "dependencies": {
        "@orlovaaa/ajs-homework-platforms": "^1.0.0"
      }
    },
    "node_modules/@orlovaaa/ajs-homework-platforms": {
      "version": "1.0.0",
      "resolved": "https://npm.pkg.github.com/download/@orlovaaa/ajs-homework-platforms/1.0.0/4ae3d09b9d2d9a2be374156a72796d5b7963e3a04a007759a3119d4b20f061fe",
      "integrity": "sha512-Z5QeE+6AvTvfD6CxjtgKJMsW9JSZuRelMHDe6ZR8sxYh+IHEaNBDoPiZj3xQePc2eBnQGaQDRmXdtyW3oi8/6w==",
      "license": "ISC"
    }
  },
  "dependencies": {
    "@orlovaaa/ajs-homework-platforms": {
      "version": "1.0.0",
      "resolved": "https://npm.pkg.github.com/download/@orlovaaa/ajs-homework-platforms/1.0.0/4ae3d09b9d2d9a2be374156a72796d5b7963e3a04a007759a3119d4b20f061fe",
      "integrity": "sha512-Z5QeE+6AvTvfD6CxjtgKJMsW9JSZuRelMHDe6ZR8sxYh+IHEaNBDoPiZj3xQePc2eBnQGaQDRmXdtyW3oi8/6w=="
    }
  }
}
